PODS:
  - AFNetworking (2.5.3):
    - AFNetworking/NSURLConnection (= 2.5.3)
    - AFNetworking/NSURLSession (= 2.5.3)
    - AFNetworking/Reachability (= 2.5.3)
    - AFNetworking/Security (= 2.5.3)
    - AFNetworking/Serialization (= 2.5.3)
    - AFNetworking/UIKit (= 2.5.3)
  - AFNetworking/NSURLConnection (2.5.3):
    - AFNetworking/Reachability
    - AFNetworking/Security
    - AFNetworking/Serialization
  - AFNetworking/NSURLSession (2.5.3):
    - AFNetworking/Reachability
    - AFNetworking/Security
    - AFNetworking/Serialization
  - AFNetworking/Reachability (2.5.3)
  - AFNetworking/Security (2.5.3)
  - AFNetworking/Serialization (2.5.3)
  - AFNetworking/UIKit (2.5.3):
    - AFNetworking/NSURLConnection
    - AFNetworking/NSURLSession
  - DLAlertView (1.2.5)
  - Expecta (0.4.2)
  - Expecta+Snapshots (1.3.2):
    - Expecta (~> 0.3)
    - FBSnapshotTestCase (= 1.6)
  - FBSnapshotTestCase (1.6)
  - HTAutocompleteTextField (1.3.2)
  - KTCenterFlowLayout (0.0.2)
  - M13Checkbox (1.1.2)
  - MBProgressHUD (0.9.1)
  - MJPopupViewController (0.4)
  - OCMock (2.2.4)
  - Specta (0.5.0)
  - UICollectionViewLeftAlignedLayout (0.0.3)

DEPENDENCIES:
  - AFNetworking (~> 2.5)
  - DLAlertView (~> 1.2)
  - Expecta (~> 0.3)
  - Expecta+Snapshots (~> 1.3)
  - FBSnapshotTestCase (~> 1.5)
  - HTAutocompleteTextField
  - KTCenterFlowLayout
  - M13Checkbox
  - MBProgressHUD (~> 0.9)
  - MJPopupViewController (~> 0.4)
  - OCMock (~> 2.2)
  - Specta (~> 0.3)
  - UICollectionViewLeftAlignedLayout

SPEC CHECKSUMS:
  AFNetworking: e1d86c2a96bb5d2e7408da36149806706ee122fe
  DLAlertView: 774c1242cc854177fdc07634ed3f8c250a38864d
  Expecta: 78b4e8b0c8291fa4524d7f74016b6065c2e391ec
  Expecta+Snapshots: 40c5ec43b43da3bae957f14fed5dc9177d08ec8b
  FBSnapshotTestCase: 9d5fe43b29ae3a0ed8fc829477971b281038f748
  HTAutocompleteTextField: ce809f04875e843e20f214ab973bb496ba7a93b1
  KTCenterFlowLayout: add70553644c401a6e4c51acf4fdbd5a91a1bae0
  M13Checkbox: 0c0bb08dcd144c4ea33f883b68270f3f56908ea2
  MBProgressHUD: c47f2c166c126cf2ce36498d80f33e754d4e93ad
  MJPopupViewController: e9ad553a3145eb8126ba2748e872ae7fb25cc605
  OCMock: a6a7dc0e3997fb9f35d99f72528698ebf60d64f2
  Specta: eb90708ed77569bbda089f8ead10bb99b8e9489e
  UICollectionViewLeftAlignedLayout: 46396e7c45573544981b9a04a2e25ecacba18774

COCOAPODS: 0.36.3
