// !$*UTF8*$!
{
	archiveVersion = 1;
	classes = {
	};
	objectVersion = 46;
	objects = {

/* Begin PBXBuildFile section */
		101393C919D216D700BBB266 /* main.m in Sources */ = {isa = PBXBuildFile; fileRef = 101393C819D216D700BBB266 /* main.m */; };
		101393CC19D216D700BBB266 /* AppDelegate.m in Sources */ = {isa = PBXBuildFile; fileRef = 101393CB19D216D700BBB266 /* AppDelegate.m */; };
		101393D219D216D700BBB266 /* Main.storyboard in Resources */ = {isa = PBXBuildFile; fileRef = 101393D019D216D700BBB266 /* Main.storyboard */; };
		101393D419D216D700BBB266 /* Images.xcassets in Resources */ = {isa = PBXBuildFile; fileRef = 101393D319D216D700BBB266 /* Images.xcassets */; };
		101393D719D216D700BBB266 /* LaunchScreen.xib in Resources */ = {isa = PBXBuildFile; fileRef = 101393D519D216D700BBB266 /* LaunchScreen.xib */; };
		101393E319D216D700BBB266 /* FlaredownTests.m in Sources */ = {isa = PBXBuildFile; fileRef = 101393E219D216D700BBB266 /* FlaredownTests.m */; };
		101393F219D22AF700BBB266 /* FDPageContentViewController.m in Sources */ = {isa = PBXBuildFile; fileRef = 101393F119D22AF700BBB266 /* FDPageContentViewController.m */; };
		101393F519D22C0800BBB266 /* FDViewController.m in Sources */ = {isa = PBXBuildFile; fileRef = 101393F319D22C0800BBB266 /* FDViewController.m */; };
		101393F819D2432000BBB266 /* FDSelectListViewController.m in Sources */ = {isa = PBXBuildFile; fileRef = 101393F719D2432000BBB266 /* FDSelectListViewController.m */; };
		1013943319DA0BD200BBB266 /* FDNumberViewController.m in Sources */ = {isa = PBXBuildFile; fileRef = 1013943219DA0BD200BBB266 /* FDNumberViewController.m */; };
		1013943619DA13B100BBB266 /* FDSelectCollectionViewController.m in Sources */ = {isa = PBXBuildFile; fileRef = 1013943519DA13B100BBB266 /* FDSelectCollectionViewController.m */; };
		101CA09719DE3D6A00173AAF /* FDNotesViewController.m in Sources */ = {isa = PBXBuildFile; fileRef = 101CA09619DE3D6A00173AAF /* FDNotesViewController.m */; };
		10EED0B119E35FF5000464DD /* FDContainerViewController.m in Sources */ = {isa = PBXBuildFile; fileRef = 10EED0B019E35FF5000464DD /* FDContainerViewController.m */; };
		10EED0B619E4A70A000464DD /* FDNetworkManager.m in Sources */ = {isa = PBXBuildFile; fileRef = 10EED0B519E4A70A000464DD /* FDNetworkManager.m */; };
		13ADE3E6AB8BD270C07DA2F8 /* libPods-Flaredown.a in Frameworks */ = {isa = PBXBuildFile; fileRef = 3C3C0A69C855B5D7EFF80DC1 /* libPods-Flaredown.a */; };
		42A90CD51AB499E800D08266 /* FDHashtagFinder.m in Sources */ = {isa = PBXBuildFile; fileRef = 42A90CD41AB499E800D08266 /* FDHashtagFinder.m */; };
		42A90CD81AB49AFA00D08266 /* FDHashtagFinderSpec.m in Sources */ = {isa = PBXBuildFile; fileRef = 42A90CD71AB49AFA00D08266 /* FDHashtagFinderSpec.m */; };
		42F309311AB463850046E900 /* FDHashtagTextView.m in Sources */ = {isa = PBXBuildFile; fileRef = 42F309301AB463850046E900 /* FDHashtagTextView.m */; };
		42F309331AB463970046E900 /* FDHashtagTextViewSpec.m in Sources */ = {isa = PBXBuildFile; fileRef = 42F309321AB463970046E900 /* FDHashtagTextViewSpec.m */; };
		42F309361AB4694F0046E900 /* FDHashtagHighlightTextStorage.m in Sources */ = {isa = PBXBuildFile; fileRef = 42F309351AB4694F0046E900 /* FDHashtagHighlightTextStorage.m */; };
		42F309391AB4696F0046E900 /* FDHashtagHighlightTextStorageSpec.m in Sources */ = {isa = PBXBuildFile; fileRef = 42F309381AB4696F0046E900 /* FDHashtagHighlightTextStorageSpec.m */; };
		85378A161A5215250053D6CC /* ProximaNova-Bold.otf in Resources */ = {isa = PBXBuildFile; fileRef = 85378A121A5215250053D6CC /* ProximaNova-Bold.otf */; };
		85378A171A5215250053D6CC /* ProximaNova-Light.otf in Resources */ = {isa = PBXBuildFile; fileRef = 85378A131A5215250053D6CC /* ProximaNova-Light.otf */; };
		85378A181A5215250053D6CC /* ProximaNova-Regular.otf in Resources */ = {isa = PBXBuildFile; fileRef = 85378A141A5215250053D6CC /* ProximaNova-Regular.otf */; };
		85378A191A5215250053D6CC /* ProximaNova-Semibold.otf in Resources */ = {isa = PBXBuildFile; fileRef = 85378A151A5215250053D6CC /* ProximaNova-Semibold.otf */; };
		EB3F74ADFE6273E35FEF3393 /* libPods-FlaredownTests.a in Frameworks */ = {isa = PBXBuildFile; fileRef = C08229823FD3929741F58D99 /* libPods-FlaredownTests.a */; };
		ED2853C81A6C2043002D95E6 /* FDSymptom.m in Sources */ = {isa = PBXBuildFile; fileRef = ED2853C71A6C2043002D95E6 /* FDSymptom.m */; };
		ED31E4841A888262008306F3 /* EditTreatmentView.xib in Resources */ = {isa = PBXBuildFile; fileRef = ED31E4831A888262008306F3 /* EditTreatmentView.xib */; };
		ED58E5131AC098BD009B74EE /* RemoveTrackableView.xib in Resources */ = {isa = PBXBuildFile; fileRef = ED58E5121AC098BD009B74EE /* RemoveTrackableView.xib */; };
		ED58E5161AC09B88009B74EE /* FDRemoveTrackableView.m in Sources */ = {isa = PBXBuildFile; fileRef = ED58E5151AC09B88009B74EE /* FDRemoveTrackableView.m */; };
		ED58E51C1AC09C3B009B74EE /* FDPopupManager.m in Sources */ = {isa = PBXBuildFile; fileRef = ED58E51B1AC09C3B009B74EE /* FDPopupManager.m */; };
		ED58E51F1AC09FEE009B74EE /* FDPopup.m in Sources */ = {isa = PBXBuildFile; fileRef = ED58E51E1AC09FEE009B74EE /* FDPopup.m */; };
		ED58E5221AC0B0C2009B74EE /* FDEmbeddedSelectListViewController.m in Sources */ = {isa = PBXBuildFile; fileRef = ED58E5211AC0B0C2009B74EE /* FDEmbeddedSelectListViewController.m */; };
		ED88614B1A11F368002469B3 /* FDFinishedViewController.m in Sources */ = {isa = PBXBuildFile; fileRef = ED88614A1A11F368002469B3 /* FDFinishedViewController.m */; };
		ED90725B1A68A7800012EFD6 /* Localizable.strings in Resources */ = {isa = PBXBuildFile; fileRef = ED90725D1A68A7800012EFD6 /* Localizable.strings */; };
		EDBA0E241ABC95B5001F165F /* FDStyle.m in Sources */ = {isa = PBXBuildFile; fileRef = EDBA0E231ABC95B5001F165F /* FDStyle.m */; };
		EDD802A41A804CB900464D24 /* AddTreatmentView.xib in Resources */ = {isa = PBXBuildFile; fileRef = EDD802A31A804CB900464D24 /* AddTreatmentView.xib */; };
		EDDC724E1A083ABF0059815A /* FDUser.m in Sources */ = {isa = PBXBuildFile; fileRef = EDDC724D1A083ABF0059815A /* FDUser.m */; };
		EDDC72511A08441E0059815A /* FDModelManager.m in Sources */ = {isa = PBXBuildFile; fileRef = EDDC72501A08441E0059815A /* FDModelManager.m */; };
		EDDC72541A08886E0059815A /* FDEntry.m in Sources */ = {isa = PBXBuildFile; fileRef = EDDC72531A08886E0059815A /* FDEntry.m */; };
		EDE98DEC1A9273ED0074F189 /* FDSearchTableViewController.m in Sources */ = {isa = PBXBuildFile; fileRef = EDE98DEB1A9273ED0074F189 /* FDSearchTableViewController.m */; };
		EDE98DEF1A9545400074F189 /* FDTrackableResult.m in Sources */ = {isa = PBXBuildFile; fileRef = EDE98DEE1A9545400074F189 /* FDTrackableResult.m */; };
		EDEA82691A11572400A80416 /* FDQuestion.m in Sources */ = {isa = PBXBuildFile; fileRef = EDEA82681A11572400A80416 /* FDQuestion.m */; };
		EDEA826C1A115A2A00A80416 /* FDResponse.m in Sources */ = {isa = PBXBuildFile; fileRef = EDEA826B1A115A2A00A80416 /* FDResponse.m */; };
		EDEA826F1A115FCC00A80416 /* FDInput.m in Sources */ = {isa = PBXBuildFile; fileRef = EDEA826E1A115FCC00A80416 /* FDInput.m */; };
		EDEA82721A1175D200A80416 /* FDLoginViewController.m in Sources */ = {isa = PBXBuildFile; fileRef = EDEA82711A1175D200A80416 /* FDLoginViewController.m */; };
		EDEA82BE1A11952300A80416 /* FDLaunchViewController.m in Sources */ = {isa = PBXBuildFile; fileRef = EDEA82BD1A11952300A80416 /* FDLaunchViewController.m */; };
		EDEB41CA1A7B2A58007C67C4 /* AlarmView.xib in Resources */ = {isa = PBXBuildFile; fileRef = EDEB41C91A7B2A58007C67C4 /* AlarmView.xib */; };
		EDEBC6AA1A424907007742C5 /* FDTreatment.m in Sources */ = {isa = PBXBuildFile; fileRef = EDEBC6A91A424907007742C5 /* FDTreatment.m */; };
/* End PBXBuildFile section */

/* Begin PBXContainerItemProxy section */
		101393DD19D216D700BBB266 /* PBXContainerItemProxy */ = {
			isa = PBXContainerItemProxy;
			containerPortal = 101393BB19D216D700BBB266 /* Project object */;
			proxyType = 1;
			remoteGlobalIDString = 101393C219D216D700BBB266;
			remoteInfo = Flaredown;
		};
/* End PBXContainerItemProxy section */

/* Begin PBXFileReference section */
		012A2D41DA24BC35904D91DD /* Pods-FlaredownTests.debug.xcconfig */ = {isa = PBXFileReference; includeInIndex = 1; lastKnownFileType = text.xcconfig; name = "Pods-FlaredownTests.debug.xcconfig"; path = "Pods/Target Support Files/Pods-FlaredownTests/Pods-FlaredownTests.debug.xcconfig"; sourceTree = "<group>"; };
		101393C319D216D700BBB266 /* Flaredown.app */ = {isa = PBXFileReference; explicitFileType = wrapper.application; includeInIndex = 0; path = Flaredown.app; sourceTree = BUILT_PRODUCTS_DIR; };
		101393C719D216D700BBB266 /* Info.plist */ = {isa = PBXFileReference; lastKnownFileType = text.plist.xml; path = Info.plist; sourceTree = "<group>"; };
		101393C819D216D700BBB266 /* main.m */ = {isa = PBXFileReference; lastKnownFileType = sourcecode.c.objc; path = main.m; sourceTree = "<group>"; };
		101393CA19D216D700BBB266 /* AppDelegate.h */ = {isa = PBXFileReference; lastKnownFileType = sourcecode.c.h; path = AppDelegate.h; sourceTree = "<group>"; };
		101393CB19D216D700BBB266 /* AppDelegate.m */ = {isa = PBXFileReference; lastKnownFileType = sourcecode.c.objc; path = AppDelegate.m; sourceTree = "<group>"; };
		101393D119D216D700BBB266 /* Base */ = {isa = PBXFileReference; lastKnownFileType = file.storyboard; name = Base; path = Base.lproj/Main.storyboard; sourceTree = "<group>"; };
		101393D319D216D700BBB266 /* Images.xcassets */ = {isa = PBXFileReference; lastKnownFileType = folder.assetcatalog; path = Images.xcassets; sourceTree = "<group>"; };
		101393D619D216D700BBB266 /* Base */ = {isa = PBXFileReference; lastKnownFileType = file.xib; name = Base; path = Base.lproj/LaunchScreen.xib; sourceTree = "<group>"; };
		101393DC19D216D700BBB266 /* FlaredownTests.xctest */ = {isa = PBXFileReference; explicitFileType = wrapper.cfbundle; includeInIndex = 0; path = FlaredownTests.xctest; sourceTree = BUILT_PRODUCTS_DIR; };
		101393E119D216D700BBB266 /* Info.plist */ = {isa = PBXFileReference; lastKnownFileType = text.plist.xml; path = Info.plist; sourceTree = "<group>"; };
		101393E219D216D700BBB266 /* FlaredownTests.m */ = {isa = PBXFileReference; lastKnownFileType = sourcecode.c.objc; path = FlaredownTests.m; sourceTree = "<group>"; };
		101393F019D22AF700BBB266 /* FDPageContentViewController.h */ = {isa = PBXFileReference; fileEncoding = 4; lastKnownFileType = sourcecode.c.h; name = FDPageContentViewController.h; path = src/FDPageContentViewController.h; sourceTree = "<group>"; };
		101393F119D22AF700BBB266 /* FDPageContentViewController.m */ = {isa = PBXFileReference; fileEncoding = 4; lastKnownFileType = sourcecode.c.objc; name = FDPageContentViewController.m; path = src/FDPageContentViewController.m; sourceTree = "<group>"; };
		101393F319D22C0800BBB266 /* FDViewController.m */ = {isa = PBXFileReference; fileEncoding = 4; lastKnownFileType = sourcecode.c.objc; name = FDViewController.m; path = src/FDViewController.m; sourceTree = "<group>"; };
		101393F419D22C0800BBB266 /* FDViewController.h */ = {isa = PBXFileReference; fileEncoding = 4; lastKnownFileType = sourcecode.c.h; name = FDViewController.h; path = src/FDViewController.h; sourceTree = "<group>"; };
		101393F619D2432000BBB266 /* FDSelectListViewController.h */ = {isa = PBXFileReference; fileEncoding = 4; lastKnownFileType = sourcecode.c.h; name = FDSelectListViewController.h; path = src/FDSelectListViewController.h; sourceTree = "<group>"; };
		101393F719D2432000BBB266 /* FDSelectListViewController.m */ = {isa = PBXFileReference; fileEncoding = 4; lastKnownFileType = sourcecode.c.objc; name = FDSelectListViewController.m; path = src/FDSelectListViewController.m; sourceTree = "<group>"; };
		1013943119DA0BD200BBB266 /* FDNumberViewController.h */ = {isa = PBXFileReference; fileEncoding = 4; lastKnownFileType = sourcecode.c.h; name = FDNumberViewController.h; path = src/FDNumberViewController.h; sourceTree = "<group>"; };
		1013943219DA0BD200BBB266 /* FDNumberViewController.m */ = {isa = PBXFileReference; fileEncoding = 4; lastKnownFileType = sourcecode.c.objc; name = FDNumberViewController.m; path = src/FDNumberViewController.m; sourceTree = "<group>"; };
		1013943419DA13B100BBB266 /* FDSelectCollectionViewController.h */ = {isa = PBXFileReference; fileEncoding = 4; lastKnownFileType = sourcecode.c.h; name = FDSelectCollectionViewController.h; path = src/FDSelectCollectionViewController.h; sourceTree = "<group>"; };
		1013943519DA13B100BBB266 /* FDSelectCollectionViewController.m */ = {isa = PBXFileReference; fileEncoding = 4; lastKnownFileType = sourcecode.c.objc; name = FDSelectCollectionViewController.m; path = src/FDSelectCollectionViewController.m; sourceTree = "<group>"; };
		101CA09519DE3D6A00173AAF /* FDNotesViewController.h */ = {isa = PBXFileReference; fileEncoding = 4; lastKnownFileType = sourcecode.c.h; name = FDNotesViewController.h; path = src/FDNotesViewController.h; sourceTree = "<group>"; };
		101CA09619DE3D6A00173AAF /* FDNotesViewController.m */ = {isa = PBXFileReference; fileEncoding = 4; lastKnownFileType = sourcecode.c.objc; name = FDNotesViewController.m; path = src/FDNotesViewController.m; sourceTree = "<group>"; };
		10EED0AF19E35FF5000464DD /* FDContainerViewController.h */ = {isa = PBXFileReference; fileEncoding = 4; lastKnownFileType = sourcecode.c.h; name = FDContainerViewController.h; path = src/FDContainerViewController.h; sourceTree = "<group>"; };
		10EED0B019E35FF5000464DD /* FDContainerViewController.m */ = {isa = PBXFileReference; fileEncoding = 4; lastKnownFileType = sourcecode.c.objc; name = FDContainerViewController.m; path = src/FDContainerViewController.m; sourceTree = "<group>"; };
		10EED0B419E4A70A000464DD /* FDNetworkManager.h */ = {isa = PBXFileReference; fileEncoding = 4; lastKnownFileType = sourcecode.c.h; name = FDNetworkManager.h; path = src/FDNetworkManager.h; sourceTree = "<group>"; };
		10EED0B519E4A70A000464DD /* FDNetworkManager.m */ = {isa = PBXFileReference; fileEncoding = 4; lastKnownFileType = sourcecode.c.objc; name = FDNetworkManager.m; path = src/FDNetworkManager.m; sourceTree = "<group>"; };
		27BFB3E511154C65F322042A /* Pods-Flaredown.debug.xcconfig */ = {isa = PBXFileReference; includeInIndex = 1; lastKnownFileType = text.xcconfig; name = "Pods-Flaredown.debug.xcconfig"; path = "Pods/Target Support Files/Pods-Flaredown/Pods-Flaredown.debug.xcconfig"; sourceTree = "<group>"; };
		3C3C0A69C855B5D7EFF80DC1 /* libPods-Flaredown.a */ = {isa = PBXFileReference; explicitFileType = archive.ar; includeInIndex = 0; path = "libPods-Flaredown.a"; sourceTree = BUILT_PRODUCTS_DIR; };
		42A90CD31AB499E800D08266 /* FDHashtagFinder.h */ = {isa = PBXFileReference; fileEncoding = 4; lastKnownFileType = sourcecode.c.h; path = FDHashtagFinder.h; sourceTree = "<group>"; };
		42A90CD41AB499E800D08266 /* FDHashtagFinder.m */ = {isa = PBXFileReference; fileEncoding = 4; lastKnownFileType = sourcecode.c.objc; path = FDHashtagFinder.m; sourceTree = "<group>"; };
		42A90CD71AB49AFA00D08266 /* FDHashtagFinderSpec.m */ = {isa = PBXFileReference; fileEncoding = 4; lastKnownFileType = sourcecode.c.objc; path = FDHashtagFinderSpec.m; sourceTree = "<group>"; };
		42F3092F1AB463850046E900 /* FDHashtagTextView.h */ = {isa = PBXFileReference; fileEncoding = 4; lastKnownFileType = sourcecode.c.h; path = FDHashtagTextView.h; sourceTree = "<group>"; };
		42F309301AB463850046E900 /* FDHashtagTextView.m */ = {isa = PBXFileReference; fileEncoding = 4; lastKnownFileType = sourcecode.c.objc; path = FDHashtagTextView.m; sourceTree = "<group>"; };
		42F309321AB463970046E900 /* FDHashtagTextViewSpec.m */ = {isa = PBXFileReference; fileEncoding = 4; lastKnownFileType = sourcecode.c.objc; path = FDHashtagTextViewSpec.m; sourceTree = "<group>"; };
		42F309341AB4694F0046E900 /* FDHashtagHighlightTextStorage.h */ = {isa = PBXFileReference; fileEncoding = 4; lastKnownFileType = sourcecode.c.h; path = FDHashtagHighlightTextStorage.h; sourceTree = "<group>"; };
		42F309351AB4694F0046E900 /* FDHashtagHighlightTextStorage.m */ = {isa = PBXFileReference; fileEncoding = 4; lastKnownFileType = sourcecode.c.objc; path = FDHashtagHighlightTextStorage.m; sourceTree = "<group>"; };
		42F309381AB4696F0046E900 /* FDHashtagHighlightTextStorageSpec.m */ = {isa = PBXFileReference; fileEncoding = 4; lastKnownFileType = sourcecode.c.objc; path = FDHashtagHighlightTextStorageSpec.m; sourceTree = "<group>"; };
		85378A121A5215250053D6CC /* ProximaNova-Bold.otf */ = {isa = PBXFileReference; lastKnownFileType = file; path = "ProximaNova-Bold.otf"; sourceTree = "<group>"; };
		85378A131A5215250053D6CC /* ProximaNova-Light.otf */ = {isa = PBXFileReference; lastKnownFileType = file; path = "ProximaNova-Light.otf"; sourceTree = "<group>"; };
		85378A141A5215250053D6CC /* ProximaNova-Regular.otf */ = {isa = PBXFileReference; lastKnownFileType = file; path = "ProximaNova-Regular.otf"; sourceTree = "<group>"; };
		85378A151A5215250053D6CC /* ProximaNova-Semibold.otf */ = {isa = PBXFileReference; lastKnownFileType = file; path = "ProximaNova-Semibold.otf"; sourceTree = "<group>"; };
		8BBCCD7F27791C54FC4B47CF /* Pods-Flaredown.release.xcconfig */ = {isa = PBXFileReference; includeInIndex = 1; lastKnownFileType = text.xcconfig; name = "Pods-Flaredown.release.xcconfig"; path = "Pods/Target Support Files/Pods-Flaredown/Pods-Flaredown.release.xcconfig"; sourceTree = "<group>"; };
		9383875D12CC5B17F0A2D83F /* Pods-FlaredownTests.release.xcconfig */ = {isa = PBXFileReference; includeInIndex = 1; lastKnownFileType = text.xcconfig; name = "Pods-FlaredownTests.release.xcconfig"; path = "Pods/Target Support Files/Pods-FlaredownTests/Pods-FlaredownTests.release.xcconfig"; sourceTree = "<group>"; };
		C08229823FD3929741F58D99 /* libPods-FlaredownTests.a */ = {isa = PBXFileReference; explicitFileType = archive.ar; includeInIndex = 0; path = "libPods-FlaredownTests.a"; sourceTree = BUILT_PRODUCTS_DIR; };
		ED2853C61A6C2043002D95E6 /* FDSymptom.h */ = {isa = PBXFileReference; fileEncoding = 4; lastKnownFileType = sourcecode.c.h; path = FDSymptom.h; sourceTree = "<group>"; };
		ED2853C71A6C2043002D95E6 /* FDSymptom.m */ = {isa = PBXFileReference; fileEncoding = 4; lastKnownFileType = sourcecode.c.objc; path = FDSymptom.m; sourceTree = "<group>"; };
		ED31E4831A888262008306F3 /* EditTreatmentView.xib */ = {isa = PBXFileReference; fileEncoding = 4; lastKnownFileType = file.xib; path = EditTreatmentView.xib; sourceTree = "<group>"; };
		ED58E5121AC098BD009B74EE /* RemoveTrackableView.xib */ = {isa = PBXFileReference; fileEncoding = 4; lastKnownFileType = file.xib; path = RemoveTrackableView.xib; sourceTree = "<group>"; };
		ED58E5141AC09B88009B74EE /* FDRemoveTrackableView.h */ = {isa = PBXFileReference; fileEncoding = 4; lastKnownFileType = sourcecode.c.h; path = FDRemoveTrackableView.h; sourceTree = "<group>"; };
		ED58E5151AC09B88009B74EE /* FDRemoveTrackableView.m */ = {isa = PBXFileReference; fileEncoding = 4; lastKnownFileType = sourcecode.c.objc; path = FDRemoveTrackableView.m; sourceTree = "<group>"; };
		ED58E51A1AC09C3B009B74EE /* FDPopupManager.h */ = {isa = PBXFileReference; fileEncoding = 4; lastKnownFileType = sourcecode.c.h; path = FDPopupManager.h; sourceTree = "<group>"; };
		ED58E51B1AC09C3B009B74EE /* FDPopupManager.m */ = {isa = PBXFileReference; fileEncoding = 4; lastKnownFileType = sourcecode.c.objc; path = FDPopupManager.m; sourceTree = "<group>"; };
		ED58E51D1AC09FEE009B74EE /* FDPopup.h */ = {isa = PBXFileReference; fileEncoding = 4; lastKnownFileType = sourcecode.c.h; path = FDPopup.h; sourceTree = "<group>"; };
		ED58E51E1AC09FEE009B74EE /* FDPopup.m */ = {isa = PBXFileReference; fileEncoding = 4; lastKnownFileType = sourcecode.c.objc; path = FDPopup.m; sourceTree = "<group>"; };
		ED58E5201AC0B0C2009B74EE /* FDEmbeddedSelectListViewController.h */ = {isa = PBXFileReference; fileEncoding = 4; lastKnownFileType = sourcecode.c.h; path = FDEmbeddedSelectListViewController.h; sourceTree = "<group>"; };
		ED58E5211AC0B0C2009B74EE /* FDEmbeddedSelectListViewController.m */ = {isa = PBXFileReference; fileEncoding = 4; lastKnownFileType = sourcecode.c.objc; path = FDEmbeddedSelectListViewController.m; sourceTree = "<group>"; };
		ED8861491A11F368002469B3 /* FDFinishedViewController.h */ = {isa = PBXFileReference; fileEncoding = 4; lastKnownFileType = sourcecode.c.h; path = FDFinishedViewController.h; sourceTree = "<group>"; };
		ED88614A1A11F368002469B3 /* FDFinishedViewController.m */ = {isa = PBXFileReference; fileEncoding = 4; lastKnownFileType = sourcecode.c.objc; path = FDFinishedViewController.m; sourceTree = "<group>"; };
		ED90725C1A68A7800012EFD6 /* en */ = {isa = PBXFileReference; lastKnownFileType = text.plist.strings; name = en; path = en.lproj/Localizable.strings; sourceTree = "<group>"; };
		ED9072601A68AC1E0012EFD6 /* es */ = {isa = PBXFileReference; lastKnownFileType = text.plist.strings; name = es; path = es.lproj/Main.strings; sourceTree = "<group>"; };
		ED9072611A68AC1E0012EFD6 /* es */ = {isa = PBXFileReference; lastKnownFileType = text.plist.strings; name = es; path = es.lproj/LaunchScreen.strings; sourceTree = "<group>"; };
		ED9072621A68AC1E0012EFD6 /* es */ = {isa = PBXFileReference; lastKnownFileType = text.plist.strings; name = es; path = es.lproj/Localizable.strings; sourceTree = "<group>"; };
		EDBA0E221ABC95B5001F165F /* FDStyle.h */ = {isa = PBXFileReference; fileEncoding = 4; lastKnownFileType = sourcecode.c.h; path = FDStyle.h; sourceTree = "<group>"; };
		EDBA0E231ABC95B5001F165F /* FDStyle.m */ = {isa = PBXFileReference; fileEncoding = 4; lastKnownFileType = sourcecode.c.objc; path = FDStyle.m; sourceTree = "<group>"; };
		EDD802A31A804CB900464D24 /* AddTreatmentView.xib */ = {isa = PBXFileReference; fileEncoding = 4; lastKnownFileType = file.xib; path = AddTreatmentView.xib; sourceTree = "<group>"; };
		EDDC724C1A083ABF0059815A /* FDUser.h */ = {isa = PBXFileReference; fileEncoding = 4; lastKnownFileType = sourcecode.c.h; name = FDUser.h; path = src/FDUser.h; sourceTree = "<group>"; };
		EDDC724D1A083ABF0059815A /* FDUser.m */ = {isa = PBXFileReference; fileEncoding = 4; lastKnownFileType = sourcecode.c.objc; name = FDUser.m; path = src/FDUser.m; sourceTree = "<group>"; };
		EDDC724F1A08441E0059815A /* FDModelManager.h */ = {isa = PBXFileReference; fileEncoding = 4; lastKnownFileType = sourcecode.c.h; path = FDModelManager.h; sourceTree = "<group>"; };
		EDDC72501A08441E0059815A /* FDModelManager.m */ = {isa = PBXFileReference; fileEncoding = 4; lastKnownFileType = sourcecode.c.objc; path = FDModelManager.m; sourceTree = "<group>"; };
		EDDC72521A08886E0059815A /* FDEntry.h */ = {isa = PBXFileReference; fileEncoding = 4; lastKnownFileType = sourcecode.c.h; path = FDEntry.h; sourceTree = "<group>"; };
		EDDC72531A08886E0059815A /* FDEntry.m */ = {isa = PBXFileReference; fileEncoding = 4; lastKnownFileType = sourcecode.c.objc; path = FDEntry.m; sourceTree = "<group>"; };
		EDE98DEA1A9273ED0074F189 /* FDSearchTableViewController.h */ = {isa = PBXFileReference; fileEncoding = 4; lastKnownFileType = sourcecode.c.h; path = FDSearchTableViewController.h; sourceTree = "<group>"; };
		EDE98DEB1A9273ED0074F189 /* FDSearchTableViewController.m */ = {isa = PBXFileReference; fileEncoding = 4; lastKnownFileType = sourcecode.c.objc; path = FDSearchTableViewController.m; sourceTree = "<group>"; };
		EDE98DED1A9545400074F189 /* FDTrackableResult.h */ = {isa = PBXFileReference; fileEncoding = 4; lastKnownFileType = sourcecode.c.h; path = FDTrackableResult.h; sourceTree = "<group>"; };
		EDE98DEE1A9545400074F189 /* FDTrackableResult.m */ = {isa = PBXFileReference; fileEncoding = 4; lastKnownFileType = sourcecode.c.objc; path = FDTrackableResult.m; sourceTree = "<group>"; };
		EDEA82671A11572400A80416 /* FDQuestion.h */ = {isa = PBXFileReference; fileEncoding = 4; lastKnownFileType = sourcecode.c.h; path = FDQuestion.h; sourceTree = "<group>"; };
		EDEA82681A11572400A80416 /* FDQuestion.m */ = {isa = PBXFileReference; fileEncoding = 4; lastKnownFileType = sourcecode.c.objc; path = FDQuestion.m; sourceTree = "<group>"; };
		EDEA826A1A115A2A00A80416 /* FDResponse.h */ = {isa = PBXFileReference; fileEncoding = 4; lastKnownFileType = sourcecode.c.h; path = FDResponse.h; sourceTree = "<group>"; };
		EDEA826B1A115A2A00A80416 /* FDResponse.m */ = {isa = PBXFileReference; fileEncoding = 4; lastKnownFileType = sourcecode.c.objc; path = FDResponse.m; sourceTree = "<group>"; };
		EDEA826D1A115FCC00A80416 /* FDInput.h */ = {isa = PBXFileReference; fileEncoding = 4; lastKnownFileType = sourcecode.c.h; path = FDInput.h; sourceTree = "<group>"; };
		EDEA826E1A115FCC00A80416 /* FDInput.m */ = {isa = PBXFileReference; fileEncoding = 4; lastKnownFileType = sourcecode.c.objc; path = FDInput.m; sourceTree = "<group>"; };
		EDEA82701A1175D200A80416 /* FDLoginViewController.h */ = {isa = PBXFileReference; fileEncoding = 4; lastKnownFileType = sourcecode.c.h; path = FDLoginViewController.h; sourceTree = "<group>"; };
		EDEA82711A1175D200A80416 /* FDLoginViewController.m */ = {isa = PBXFileReference; fileEncoding = 4; lastKnownFileType = sourcecode.c.objc; path = FDLoginViewController.m; sourceTree = "<group>"; };
		EDEA82BC1A11952300A80416 /* FDLaunchViewController.h */ = {isa = PBXFileReference; fileEncoding = 4; lastKnownFileType = sourcecode.c.h; path = FDLaunchViewController.h; sourceTree = "<group>"; };
		EDEA82BD1A11952300A80416 /* FDLaunchViewController.m */ = {isa = PBXFileReference; fileEncoding = 4; lastKnownFileType = sourcecode.c.objc; path = FDLaunchViewController.m; sourceTree = "<group>"; };
		EDEB41C91A7B2A58007C67C4 /* AlarmView.xib */ = {isa = PBXFileReference; fileEncoding = 4; lastKnownFileType = file.xib; path = AlarmView.xib; sourceTree = "<group>"; };
		EDEBC6A81A424907007742C5 /* FDTreatment.h */ = {isa = PBXFileReference; fileEncoding = 4; lastKnownFileType = sourcecode.c.h; path = FDTreatment.h; sourceTree = "<group>"; };
		EDEBC6A91A424907007742C5 /* FDTreatment.m */ = {isa = PBXFileReference; fileEncoding = 4; lastKnownFileType = sourcecode.c.objc; path = FDTreatment.m; sourceTree = "<group>"; };
/* End PBXFileReference section */

/* Begin PBXFrameworksBuildPhase section */
		101393C019D216D700BBB266 /* Frameworks */ = {
			isa = PBXFrameworksBuildPhase;
			buildActionMask = 2147483647;
			files = (
				13ADE3E6AB8BD270C07DA2F8 /* libPods-Flaredown.a in Frameworks */,
			);
			runOnlyForDeploymentPostprocessing = 0;
		};
		101393D919D216D700BBB266 /* Frameworks */ = {
			isa = PBXFrameworksBuildPhase;
			buildActionMask = 2147483647;
			files = (
				EB3F74ADFE6273E35FEF3393 /* libPods-FlaredownTests.a in Frameworks */,
			);
			runOnlyForDeploymentPostprocessing = 0;
		};
/* End PBXFrameworksBuildPhase section */

/* Begin PBXGroup section */
		101393BA19D216D700BBB266 = {
			isa = PBXGroup;
			children = (
				101393C519D216D700BBB266 /* Flaredown */,
				101393DF19D216D700BBB266 /* FlaredownTests */,
				101393C419D216D700BBB266 /* Products */,
				24D8BC0E1C20CB992E4DE456 /* Pods */,
				93A0CBEE0CD675E8D7F81DEA /* Frameworks */,
			);
			sourceTree = "<group>";
		};
		101393C419D216D700BBB266 /* Products */ = {
			isa = PBXGroup;
			children = (
				101393C319D216D700BBB266 /* Flaredown.app */,
				101393DC19D216D700BBB266 /* FlaredownTests.xctest */,
			);
			name = Products;
			sourceTree = "<group>";
		};
		101393C519D216D700BBB266 /* Flaredown */ = {
			isa = PBXGroup;
			children = (
				101393EF19D2290E00BBB266 /* src */,
				101393CA19D216D700BBB266 /* AppDelegate.h */,
				101393CB19D216D700BBB266 /* AppDelegate.m */,
				101393D519D216D700BBB266 /* LaunchScreen.xib */,
				101393D019D216D700BBB266 /* Main.storyboard */,
				ED65B8621AA4D1C800974E6E /* views */,
				85378A101A5214C50053D6CC /* fnt */,
				101393D319D216D700BBB266 /* Images.xcassets */,
				ED90725D1A68A7800012EFD6 /* Localizable.strings */,
				101393C619D216D700BBB266 /* Supporting Files */,
			);
			path = Flaredown;
			sourceTree = "<group>";
		};
		101393C619D216D700BBB266 /* Supporting Files */ = {
			isa = PBXGroup;
			children = (
				101393C719D216D700BBB266 /* Info.plist */,
				101393C819D216D700BBB266 /* main.m */,
			);
			name = "Supporting Files";
			sourceTree = "<group>";
		};
		101393DF19D216D700BBB266 /* FlaredownTests */ = {
			isa = PBXGroup;
			children = (
				42A90CD61AB49AE600D08266 /* Services */,
				42F309371AB4695D0046E900 /* Foundation */,
				42F3092E1AB463640046E900 /* Views */,
				101393E219D216D700BBB266 /* FlaredownTests.m */,
				101393E019D216D700BBB266 /* Supporting Files */,
			);
			path = FlaredownTests;
			sourceTree = "<group>";
		};
		101393E019D216D700BBB266 /* Supporting Files */ = {
			isa = PBXGroup;
			children = (
				101393E119D216D700BBB266 /* Info.plist */,
			);
			name = "Supporting Files";
			sourceTree = "<group>";
		};
		101393EF19D2290E00BBB266 /* src */ = {
			isa = PBXGroup;
			children = (
				42A90CD21AB499DA00D08266 /* Services */,
				EDDC724B1A083A950059815A /* Models */,
				ED8861441A11F1A7002469B3 /* Managers */,
				ED8861471A11F24B002469B3 /* Menus */,
				ED8861481A11F262002469B3 /* Page Containers */,
				ED8861461A11F23D002469B3 /* Pages */,
				42F3092D1AB463580046E900 /* Views */,
			);
			name = src;
			sourceTree = "<group>";
		};
		24D8BC0E1C20CB992E4DE456 /* Pods */ = {
			isa = PBXGroup;
			children = (
				27BFB3E511154C65F322042A /* Pods-Flaredown.debug.xcconfig */,
				8BBCCD7F27791C54FC4B47CF /* Pods-Flaredown.release.xcconfig */,
				012A2D41DA24BC35904D91DD /* Pods-FlaredownTests.debug.xcconfig */,
				9383875D12CC5B17F0A2D83F /* Pods-FlaredownTests.release.xcconfig */,
			);
			name = Pods;
			sourceTree = "<group>";
		};
		42A90CD21AB499DA00D08266 /* Services */ = {
			isa = PBXGroup;
			children = (
				42A90CD31AB499E800D08266 /* FDHashtagFinder.h */,
				42A90CD41AB499E800D08266 /* FDHashtagFinder.m */,
				EDBA0E221ABC95B5001F165F /* FDStyle.h */,
				EDBA0E231ABC95B5001F165F /* FDStyle.m */,
			);
			name = Services;
			sourceTree = "<group>";
		};
		42A90CD61AB49AE600D08266 /* Services */ = {
			isa = PBXGroup;
			children = (
				42A90CD71AB49AFA00D08266 /* FDHashtagFinderSpec.m */,
			);
			name = Services;
			sourceTree = "<group>";
		};
		42F3092D1AB463580046E900 /* Views */ = {
			isa = PBXGroup;
			children = (
				42F3092F1AB463850046E900 /* FDHashtagTextView.h */,
				42F309301AB463850046E900 /* FDHashtagTextView.m */,
				42F309341AB4694F0046E900 /* FDHashtagHighlightTextStorage.h */,
				42F309351AB4694F0046E900 /* FDHashtagHighlightTextStorage.m */,
				ED58E5141AC09B88009B74EE /* FDRemoveTrackableView.h */,
				ED58E5151AC09B88009B74EE /* FDRemoveTrackableView.m */,
				ED58E51D1AC09FEE009B74EE /* FDPopup.h */,
				ED58E51E1AC09FEE009B74EE /* FDPopup.m */,
			);
			name = Views;
			sourceTree = "<group>";
		};
		42F3092E1AB463640046E900 /* Views */ = {
			isa = PBXGroup;
			children = (
				42F309321AB463970046E900 /* FDHashtagTextViewSpec.m */,
			);
			name = Views;
			sourceTree = "<group>";
		};
		42F309371AB4695D0046E900 /* Foundation */ = {
			isa = PBXGroup;
			children = (
				42F309381AB4696F0046E900 /* FDHashtagHighlightTextStorageSpec.m */,
			);
			name = Foundation;
			sourceTree = "<group>";
		};
		85378A101A5214C50053D6CC /* fnt */ = {
			isa = PBXGroup;
			children = (
				85378A121A5215250053D6CC /* ProximaNova-Bold.otf */,
				85378A131A5215250053D6CC /* ProximaNova-Light.otf */,
				85378A141A5215250053D6CC /* ProximaNova-Regular.otf */,
				85378A151A5215250053D6CC /* ProximaNova-Semibold.otf */,
			);
			name = fnt;
			sourceTree = "<group>";
		};
		93A0CBEE0CD675E8D7F81DEA /* Frameworks */ = {
			isa = PBXGroup;
			children = (
				3C3C0A69C855B5D7EFF80DC1 /* libPods-Flaredown.a */,
				C08229823FD3929741F58D99 /* libPods-FlaredownTests.a */,
			);
			name = Frameworks;
			sourceTree = "<group>";
		};
		ED65B8621AA4D1C800974E6E /* views */ = {
			isa = PBXGroup;
			children = (
				EDEB41C91A7B2A58007C67C4 /* AlarmView.xib */,
				EDD802A31A804CB900464D24 /* AddTreatmentView.xib */,
				ED31E4831A888262008306F3 /* EditTreatmentView.xib */,
				ED58E5121AC098BD009B74EE /* RemoveTrackableView.xib */,
			);
			name = views;
			sourceTree = "<group>";
		};
		ED8861441A11F1A7002469B3 /* Managers */ = {
			isa = PBXGroup;
			children = (
				10EED0B419E4A70A000464DD /* FDNetworkManager.h */,
				10EED0B519E4A70A000464DD /* FDNetworkManager.m */,
				EDDC724F1A08441E0059815A /* FDModelManager.h */,
				EDDC72501A08441E0059815A /* FDModelManager.m */,
				ED58E51A1AC09C3B009B74EE /* FDPopupManager.h */,
				ED58E51B1AC09C3B009B74EE /* FDPopupManager.m */,
			);
			name = Managers;
			sourceTree = "<group>";
		};
		ED8861461A11F23D002469B3 /* Pages */ = {
			isa = PBXGroup;
			children = (
				101393F619D2432000BBB266 /* FDSelectListViewController.h */,
				101393F719D2432000BBB266 /* FDSelectListViewController.m */,
				1013943119DA0BD200BBB266 /* FDNumberViewController.h */,
				1013943219DA0BD200BBB266 /* FDNumberViewController.m */,
				1013943419DA13B100BBB266 /* FDSelectCollectionViewController.h */,
				1013943519DA13B100BBB266 /* FDSelectCollectionViewController.m */,
				101CA09519DE3D6A00173AAF /* FDNotesViewController.h */,
				101CA09619DE3D6A00173AAF /* FDNotesViewController.m */,
				EDE98DEA1A9273ED0074F189 /* FDSearchTableViewController.h */,
				EDE98DEB1A9273ED0074F189 /* FDSearchTableViewController.m */,
				ED58E5201AC0B0C2009B74EE /* FDEmbeddedSelectListViewController.h */,
				ED58E5211AC0B0C2009B74EE /* FDEmbeddedSelectListViewController.m */,
			);
			name = Pages;
			sourceTree = "<group>";
		};
		ED8861471A11F24B002469B3 /* Menus */ = {
			isa = PBXGroup;
			children = (
				EDEA82701A1175D200A80416 /* FDLoginViewController.h */,
				EDEA82711A1175D200A80416 /* FDLoginViewController.m */,
				EDEA82BC1A11952300A80416 /* FDLaunchViewController.h */,
				EDEA82BD1A11952300A80416 /* FDLaunchViewController.m */,
				ED8861491A11F368002469B3 /* FDFinishedViewController.h */,
				ED88614A1A11F368002469B3 /* FDFinishedViewController.m */,
			);
			name = Menus;
			sourceTree = "<group>";
		};
		ED8861481A11F262002469B3 /* Page Containers */ = {
			isa = PBXGroup;
			children = (
				101393F419D22C0800BBB266 /* FDViewController.h */,
				101393F319D22C0800BBB266 /* FDViewController.m */,
				101393F019D22AF700BBB266 /* FDPageContentViewController.h */,
				101393F119D22AF700BBB266 /* FDPageContentViewController.m */,
				10EED0AF19E35FF5000464DD /* FDContainerViewController.h */,
				10EED0B019E35FF5000464DD /* FDContainerViewController.m */,
			);
			name = "Page Containers";
			sourceTree = "<group>";
		};
		EDDC724B1A083A950059815A /* Models */ = {
			isa = PBXGroup;
			children = (
				EDDC724C1A083ABF0059815A /* FDUser.h */,
				EDDC724D1A083ABF0059815A /* FDUser.m */,
				EDDC72521A08886E0059815A /* FDEntry.h */,
				EDDC72531A08886E0059815A /* FDEntry.m */,
				EDEA82671A11572400A80416 /* FDQuestion.h */,
				EDEA82681A11572400A80416 /* FDQuestion.m */,
				EDEA826A1A115A2A00A80416 /* FDResponse.h */,
				EDEA826B1A115A2A00A80416 /* FDResponse.m */,
				EDEA826D1A115FCC00A80416 /* FDInput.h */,
				EDEA826E1A115FCC00A80416 /* FDInput.m */,
				EDEBC6A81A424907007742C5 /* FDTreatment.h */,
				EDEBC6A91A424907007742C5 /* FDTreatment.m */,
				ED2853C61A6C2043002D95E6 /* FDSymptom.h */,
				ED2853C71A6C2043002D95E6 /* FDSymptom.m */,
				EDE98DED1A9545400074F189 /* FDTrackableResult.h */,
				EDE98DEE1A9545400074F189 /* FDTrackableResult.m */,
			);
			name = Models;
			sourceTree = "<group>";
		};
/* End PBXGroup section */

/* Begin PBXNativeTarget section */
		101393C219D216D700BBB266 /* Flaredown */ = {
			isa = PBXNativeTarget;
			buildConfigurationList = 101393E619D216D700BBB266 /* Build configuration list for PBXNativeTarget "Flaredown" */;
			buildPhases = (
				ECA156D5FB9CCE047B7E60BE /* Check Pods Manifest.lock */,
				101393BF19D216D700BBB266 /* Sources */,
				101393C019D216D700BBB266 /* Frameworks */,
				101393C119D216D700BBB266 /* Resources */,
				CE977F9861ABECB9873FAAB9 /* Copy Pods Resources */,
			);
			buildRules = (
			);
			dependencies = (
			);
			name = Flaredown;
			productName = Flaredown;
			productReference = 101393C319D216D700BBB266 /* Flaredown.app */;
			productType = "com.apple.product-type.application";
		};
		101393DB19D216D700BBB266 /* FlaredownTests */ = {
			isa = PBXNativeTarget;
			buildConfigurationList = 101393E919D216D700BBB266 /* Build configuration list for PBXNativeTarget "FlaredownTests" */;
			buildPhases = (
				F12EEAF1CB69834690D759E5 /* Check Pods Manifest.lock */,
				101393D819D216D700BBB266 /* Sources */,
				101393D919D216D700BBB266 /* Frameworks */,
				101393DA19D216D700BBB266 /* Resources */,
				18977BA2F1A1E8412DAA5E47 /* Copy Pods Resources */,
			);
			buildRules = (
			);
			dependencies = (
				101393DE19D216D700BBB266 /* PBXTargetDependency */,
			);
			name = FlaredownTests;
			productName = FlaredownTests;
			productReference = 101393DC19D216D700BBB266 /* FlaredownTests.xctest */;
			productType = "com.apple.product-type.bundle.unit-test";
		};
/* End PBXNativeTarget section */

/* Begin PBXProject section */
		101393BB19D216D700BBB266 /* Project object */ = {
			isa = PBXProject;
			attributes = {
				LastUpgradeCheck = 0600;
				ORGANIZATIONNAME = Flaredown;
				TargetAttributes = {
					101393C219D216D700BBB266 = {
						CreatedOnToolsVersion = 6.0;
					};
					101393DB19D216D700BBB266 = {
						CreatedOnToolsVersion = 6.0;
						TestTargetID = 101393C219D216D700BBB266;
					};
				};
			};
			buildConfigurationList = 101393BE19D216D700BBB266 /* Build configuration list for PBXProject "Flaredown" */;
			compatibilityVersion = "Xcode 3.2";
			developmentRegion = English;
			hasScannedForEncodings = 0;
			knownRegions = (
				en,
				Base,
				es,
			);
			mainGroup = 101393BA19D216D700BBB266;
			productRefGroup = 101393C419D216D700BBB266 /* Products */;
			projectDirPath = "";
			projectRoot = "";
			targets = (
				101393C219D216D700BBB266 /* Flaredown */,
				101393DB19D216D700BBB266 /* FlaredownTests */,
			);
		};
/* End PBXProject section */

/* Begin PBXResourcesBuildPhase section */
		101393C119D216D700BBB266 /* Resources */ = {
			isa = PBXResourcesBuildPhase;
			buildActionMask = 2147483647;
			files = (
				85378A161A5215250053D6CC /* ProximaNova-Bold.otf in Resources */,
				ED31E4841A888262008306F3 /* EditTreatmentView.xib in Resources */,
				ED58E5131AC098BD009B74EE /* RemoveTrackableView.xib in Resources */,
				85378A171A5215250053D6CC /* ProximaNova-Light.otf in Resources */,
				85378A181A5215250053D6CC /* ProximaNova-Regular.otf in Resources */,
				85378A191A5215250053D6CC /* ProximaNova-Semibold.otf in Resources */,
				EDEB41CA1A7B2A58007C67C4 /* AlarmView.xib in Resources */,
				ED90725B1A68A7800012EFD6 /* Localizable.strings in Resources */,
				EDD802A41A804CB900464D24 /* AddTreatmentView.xib in Resources */,
				101393D219D216D700BBB266 /* Main.storyboard in Resources */,
				101393D719D216D700BBB266 /* LaunchScreen.xib in Resources */,
				101393D419D216D700BBB266 /* Images.xcassets in Resources */,
			);
			runOnlyForDeploymentPostprocessing = 0;
		};
		101393DA19D216D700BBB266 /* Resources */ = {
			isa = PBXResourcesBuildPhase;
			buildActionMask = 2147483647;
			files = (
			);
			runOnlyForDeploymentPostprocessing = 0;
		};
/* End PBXResourcesBuildPhase section */

/* Begin PBXShellScriptBuildPhase section */
		18977BA2F1A1E8412DAA5E47 /* Copy Pods Resources */ = {
			isa = PBXShellScriptBuildPhase;
			buildActionMask = 2147483647;
			files = (
			);
			inputPaths = (
			);
			name = "Copy Pods Resources";
			outputPaths = (
			);
			runOnlyForDeploymentPostprocessing = 0;
			shellPath = /bin/sh;
			shellScript = "\"${SRCROOT}/Pods/Target Support Files/Pods-FlaredownTests/Pods-FlaredownTests-resources.sh\"\n";
			showEnvVarsInLog = 0;
		};
		CE977F9861ABECB9873FAAB9 /* Copy Pods Resources */ = {
			isa = PBXShellScriptBuildPhase;
			buildActionMask = 2147483647;
			files = (
			);
			inputPaths = (
			);
			name = "Copy Pods Resources";
			outputPaths = (
			);
			runOnlyForDeploymentPostprocessing = 0;
			shellPath = /bin/sh;
			shellScript = "\"${SRCROOT}/Pods/Target Support Files/Pods-Flaredown/Pods-Flaredown-resources.sh\"\n";
			showEnvVarsInLog = 0;
		};
		ECA156D5FB9CCE047B7E60BE /* Check Pods Manifest.lock */ = {
			isa = PBXShellScriptBuildPhase;
			buildActionMask = 2147483647;
			files = (
			);
			inputPaths = (
			);
			name = "Check Pods Manifest.lock";
			outputPaths = (
			);
			runOnlyForDeploymentPostprocessing = 0;
			shellPath = /bin/sh;
			shellScript = "diff \"${PODS_ROOT}/../Podfile.lock\" \"${PODS_ROOT}/Manifest.lock\" > /dev/null\nif [[ $? != 0 ]] ; then\n    cat << EOM\nerror: The sandbox is not in sync with the Podfile.lock. Run 'pod install' or update your CocoaPods installation.\nEOM\n    exit 1\nfi\n";
			showEnvVarsInLog = 0;
		};
		F12EEAF1CB69834690D759E5 /* Check Pods Manifest.lock */ = {
			isa = PBXShellScriptBuildPhase;
			buildActionMask = 2147483647;
			files = (
			);
			inputPaths = (
			);
			name = "Check Pods Manifest.lock";
			outputPaths = (
			);
			runOnlyForDeploymentPostprocessing = 0;
			shellPath = /bin/sh;
			shellScript = "diff \"${PODS_ROOT}/../Podfile.lock\" \"${PODS_ROOT}/Manifest.lock\" > /dev/null\nif [[ $? != 0 ]] ; then\n    cat << EOM\nerror: The sandbox is not in sync with the Podfile.lock. Run 'pod install' or update your CocoaPods installation.\nEOM\n    exit 1\nfi\n";
			showEnvVarsInLog = 0;
		};
/* End PBXShellScriptBuildPhase section */

/* Begin PBXSourcesBuildPhase section */
		101393BF19D216D700BBB266 /* Sources */ = {
			isa = PBXSourcesBuildPhase;
			buildActionMask = 2147483647;
			files = (
				EDEA826C1A115A2A00A80416 /* FDResponse.m in Sources */,
				EDEA82BE1A11952300A80416 /* FDLaunchViewController.m in Sources */,
				10EED0B619E4A70A000464DD /* FDNetworkManager.m in Sources */,
				1013943619DA13B100BBB266 /* FDSelectCollectionViewController.m in Sources */,
				EDDC724E1A083ABF0059815A /* FDUser.m in Sources */,
				42A90CD51AB499E800D08266 /* FDHashtagFinder.m in Sources */,
				ED2853C81A6C2043002D95E6 /* FDSymptom.m in Sources */,
				ED58E51C1AC09C3B009B74EE /* FDPopupManager.m in Sources */,
				ED58E51F1AC09FEE009B74EE /* FDPopup.m in Sources */,
				EDEA826F1A115FCC00A80416 /* FDInput.m in Sources */,
				EDBA0E241ABC95B5001F165F /* FDStyle.m in Sources */,
				EDDC72541A08886E0059815A /* FDEntry.m in Sources */,
				42F309311AB463850046E900 /* FDHashtagTextView.m in Sources */,
				101393F219D22AF700BBB266 /* FDPageContentViewController.m in Sources */,
				EDE98DEC1A9273ED0074F189 /* FDSearchTableViewController.m in Sources */,
				EDE98DEF1A9545400074F189 /* FDTrackableResult.m in Sources */,
				ED58E5221AC0B0C2009B74EE /* FDEmbeddedSelectListViewController.m in Sources */,
				10EED0B119E35FF5000464DD /* FDContainerViewController.m in Sources */,
				EDDC72511A08441E0059815A /* FDModelManager.m in Sources */,
				101393CC19D216D700BBB266 /* AppDelegate.m in Sources */,
				101393F519D22C0800BBB266 /* FDViewController.m in Sources */,
				42F309361AB4694F0046E900 /* FDHashtagHighlightTextStorage.m in Sources */,
				101CA09719DE3D6A00173AAF /* FDNotesViewController.m in Sources */,
				ED88614B1A11F368002469B3 /* FDFinishedViewController.m in Sources */,
				1013943319DA0BD200BBB266 /* FDNumberViewController.m in Sources */,
				ED58E5161AC09B88009B74EE /* FDRemoveTrackableView.m in Sources */,
				EDEA82721A1175D200A80416 /* FDLoginViewController.m in Sources */,
				101393F819D2432000BBB266 /* FDSelectListViewController.m in Sources */,
				101393C919D216D700BBB266 /* main.m in Sources */,
				EDEA82691A11572400A80416 /* FDQuestion.m in Sources */,
				EDEBC6AA1A424907007742C5 /* FDTreatment.m in Sources */,
			);
			runOnlyForDeploymentPostprocessing = 0;
		};
		101393D819D216D700BBB266 /* Sources */ = {
			isa = PBXSourcesBuildPhase;
			buildActionMask = 2147483647;
			files = (
				101393E319D216D700BBB266 /* FlaredownTests.m in Sources */,
				42A90CD81AB49AFA00D08266 /* FDHashtagFinderSpec.m in Sources */,
				42F309331AB463970046E900 /* FDHashtagTextViewSpec.m in Sources */,
				42F309391AB4696F0046E900 /* FDHashtagHighlightTextStorageSpec.m in Sources */,
			);
			runOnlyForDeploymentPostprocessing = 0;
		};
/* End PBXSourcesBuildPhase section */

/* Begin PBXTargetDependency section */
		101393DE19D216D700BBB266 /* PBXTargetDependency */ = {
			isa = PBXTargetDependency;
			target = 101393C219D216D700BBB266 /* Flaredown */;
			targetProxy = 101393DD19D216D700BBB266 /* PBXContainerItemProxy */;
		};
/* End PBXTargetDependency section */

/* Begin PBXVariantGroup section */
		101393D019D216D700BBB266 /* Main.storyboard */ = {
			isa = PBXVariantGroup;
			children = (
				101393D119D216D700BBB266 /* Base */,
				ED9072601A68AC1E0012EFD6 /* es */,
			);
			name = Main.storyboard;
			sourceTree = "<group>";
		};
		101393D519D216D700BBB266 /* LaunchScreen.xib */ = {
			isa = PBXVariantGroup;
			children = (
				101393D619D216D700BBB266 /* Base */,
				ED9072611A68AC1E0012EFD6 /* es */,
			);
			name = LaunchScreen.xib;
			sourceTree = "<group>";
		};
		ED90725D1A68A7800012EFD6 /* Localizable.strings */ = {
			isa = PBXVariantGroup;
			children = (
				ED90725C1A68A7800012EFD6 /* en */,
				ED9072621A68AC1E0012EFD6 /* es */,
			);
			name = Localizable.strings;
			sourceTree = "<group>";
		};
/* End PBXVariantGroup section */

/* Begin XCBuildConfiguration section */
		101393E419D216D700BBB266 /* Debug */ = {
			isa = XCBuildConfiguration;
			buildSettings = {
				ALWAYS_SEARCH_USER_PATHS = NO;
				CLANG_CXX_LANGUAGE_STANDARD = "gnu++0x";
				CLANG_CXX_LIBRARY = "libc++";
				CLANG_ENABLE_MODULES = YES;
				CLANG_ENABLE_OBJC_ARC = YES;
				CLANG_WARN_BOOL_CONVERSION = YES;
				CLANG_WARN_CONSTANT_CONVERSION = YES;
				CLANG_WARN_DIRECT_OBJC_ISA_USAGE = YES_ERROR;
				CLANG_WARN_EMPTY_BODY = YES;
				CLANG_WARN_ENUM_CONVERSION = YES;
				CLANG_WARN_INT_CONVERSION = YES;
				CLANG_WARN_OBJC_ROOT_CLASS = YES_ERROR;
				CLANG_WARN_UNREACHABLE_CODE = YES;
				CLANG_WARN__DUPLICATE_METHOD_MATCH = YES;
				"CODE_SIGN_IDENTITY[sdk=iphoneos*]" = "iPhone Developer";
				COPY_PHASE_STRIP = NO;
				ENABLE_STRICT_OBJC_MSGSEND = YES;
				GCC_C_LANGUAGE_STANDARD = gnu99;
				GCC_DYNAMIC_NO_PIC = NO;
				GCC_OPTIMIZATION_LEVEL = 0;
				GCC_PREPROCESSOR_DEFINITIONS = (
					"DEBUG=1",
					"$(inherited)",
				);
				GCC_SYMBOLS_PRIVATE_EXTERN = NO;
				GCC_WARN_64_TO_32_BIT_CONVERSION = YES;
				GCC_WARN_ABOUT_RETURN_TYPE = YES_ERROR;
				GCC_WARN_UNDECLARED_SELECTOR = YES;
				GCC_WARN_UNINITIALIZED_AUTOS = YES_AGGRESSIVE;
				GCC_WARN_UNUSED_FUNCTION = YES;
				GCC_WARN_UNUSED_VARIABLE = YES;
				IPHONEOS_DEPLOYMENT_TARGET = 8.0;
				MTL_ENABLE_DEBUG_INFO = YES;
				ONLY_ACTIVE_ARCH = YES;
				SDKROOT = iphoneos;
				TARGETED_DEVICE_FAMILY = "1,2";
			};
			name = Debug;
		};
		101393E519D216D700BBB266 /* Release */ = {
			isa = XCBuildConfiguration;
			buildSettings = {
				ALWAYS_SEARCH_USER_PATHS = NO;
				CLANG_CXX_LANGUAGE_STANDARD = "gnu++0x";
				CLANG_CXX_LIBRARY = "libc++";
				CLANG_ENABLE_MODULES = YES;
				CLANG_ENABLE_OBJC_ARC = YES;
				CLANG_WARN_BOOL_CONVERSION = YES;
				CLANG_WARN_CONSTANT_CONVERSION = YES;
				CLANG_WARN_DIRECT_OBJC_ISA_USAGE = YES_ERROR;
				CLANG_WARN_EMPTY_BODY = YES;
				CLANG_WARN_ENUM_CONVERSION = YES;
				CLANG_WARN_INT_CONVERSION = YES;
				CLANG_WARN_OBJC_ROOT_CLASS = YES_ERROR;
				CLANG_WARN_UNREACHABLE_CODE = YES;
				CLANG_WARN__DUPLICATE_METHOD_MATCH = YES;
				"CODE_SIGN_IDENTITY[sdk=iphoneos*]" = "iPhone Developer";
				COPY_PHASE_STRIP = YES;
				ENABLE_NS_ASSERTIONS = NO;
				ENABLE_STRICT_OBJC_MSGSEND = YES;
				GCC_C_LANGUAGE_STANDARD = gnu99;
				GCC_WARN_64_TO_32_BIT_CONVERSION = YES;
				GCC_WARN_ABOUT_RETURN_TYPE = YES_ERROR;
				GCC_WARN_UNDECLARED_SELECTOR = YES;
				GCC_WARN_UNINITIALIZED_AUTOS = YES_AGGRESSIVE;
				GCC_WARN_UNUSED_FUNCTION = YES;
				GCC_WARN_UNUSED_VARIABLE = YES;
				IPHONEOS_DEPLOYMENT_TARGET = 8.0;
				MTL_ENABLE_DEBUG_INFO = NO;
				SDKROOT = iphoneos;
				TARGETED_DEVICE_FAMILY = "1,2";
				VALIDATE_PRODUCT = YES;
			};
			name = Release;
		};
		101393E719D216D700BBB266 /* Debug */ = {
			isa = XCBuildConfiguration;
			baseConfigurationReference = 27BFB3E511154C65F322042A /* Pods-Flaredown.debug.xcconfig */;
			buildSettings = {
				ASSETCATALOG_COMPILER_APPICON_NAME = AppIcon;
				GCC_PREPROCESSOR_DEFINITIONS = (
					"$(inherited)",
					"COCOAPODS=1",
					"FB_REFERENCE_IMAGE_DIR=\"\\\"$(SOURCE_ROOT)/$(PROJECT_NAME)Tests/ReferenceImages\\\"\"",
				);
				INFOPLIST_FILE = Flaredown/Info.plist;
				IPHONEOS_DEPLOYMENT_TARGET = 6.0;
				LD_RUNPATH_SEARCH_PATHS = "$(inherited) @executable_path/Frameworks";
				PRODUCT_NAME = "$(TARGET_NAME)";
				TARGETED_DEVICE_FAMILY = "1,2";
			};
			name = Debug;
		};
		101393E819D216D700BBB266 /* Release */ = {
			isa = XCBuildConfiguration;
			baseConfigurationReference = 8BBCCD7F27791C54FC4B47CF /* Pods-Flaredown.release.xcconfig */;
			buildSettings = {
				ASSETCATALOG_COMPILER_APPICON_NAME = AppIcon;
				INFOPLIST_FILE = Flaredown/Info.plist;
				IPHONEOS_DEPLOYMENT_TARGET = 6.0;
				LD_RUNPATH_SEARCH_PATHS = "$(inherited) @executable_path/Frameworks";
				PRODUCT_NAME = "$(TARGET_NAME)";
				TARGETED_DEVICE_FAMILY = "1,2";
			};
			name = Release;
		};
		101393EA19D216D700BBB266 /* Debug */ = {
			isa = XCBuildConfiguration;
			baseConfigurationReference = 012A2D41DA24BC35904D91DD /* Pods-FlaredownTests.debug.xcconfig */;
			buildSettings = {
				BUNDLE_LOADER = "$(TEST_HOST)";
				FRAMEWORK_SEARCH_PATHS = (
					"$(SDKROOT)/Developer/Library/Frameworks",
					"$(inherited)",
				);
				GCC_PREPROCESSOR_DEFINITIONS = (
					"DEBUG=1",
					"$(inherited)",
				);
				INFOPLIST_FILE = FlaredownTests/Info.plist;
				LD_RUNPATH_SEARCH_PATHS = "$(inherited) @executable_path/Frameworks @loader_path/Frameworks";
				PRODUCT_NAME = "$(TARGET_NAME)";
				TEST_HOST = "$(BUILT_PRODUCTS_DIR)/Flaredown.app/Flaredown";
			};
			name = Debug;
		};
		101393EB19D216D700BBB266 /* Release */ = {
			isa = XCBuildConfiguration;
			baseConfigurationReference = 9383875D12CC5B17F0A2D83F /* Pods-FlaredownTests.release.xcconfig */;
			buildSettings = {
				BUNDLE_LOADER = "$(TEST_HOST)";
				FRAMEWORK_SEARCH_PATHS = (
					"$(SDKROOT)/Developer/Library/Frameworks",
					"$(inherited)",
				);
				INFOPLIST_FILE = FlaredownTests/Info.plist;
				LD_RUNPATH_SEARCH_PATHS = "$(inherited) @executable_path/Frameworks @loader_path/Frameworks";
				PRODUCT_NAME = "$(TARGET_NAME)";
				TEST_HOST = "$(BUILT_PRODUCTS_DIR)/Flaredown.app/Flaredown";
			};
			name = Release;
		};
/* End XCBuildConfiguration section */

/* Begin XCConfigurationList section */
		101393BE19D216D700BBB266 /* Build configuration list for PBXProject "Flaredown" */ = {
			isa = XCConfigurationList;
			buildConfigurations = (
				101393E419D216D700BBB266 /* Debug */,
				101393E519D216D700BBB266 /* Release */,
			);
			defaultConfigurationIsVisible = 0;
			defaultConfigurationName = Release;
		};
		101393E619D216D700BBB266 /* Build configuration list for PBXNativeTarget "Flaredown" */ = {
			isa = XCConfigurationList;
			buildConfigurations = (
				101393E719D216D700BBB266 /* Debug */,
				101393E819D216D700BBB266 /* Release */,
			);
			defaultConfigurationIsVisible = 0;
			defaultConfigurationName = Release;
		};
		101393E919D216D700BBB266 /* Build configuration list for PBXNativeTarget "FlaredownTests" */ = {
			isa = XCConfigurationList;
			buildConfigurations = (
				101393EA19D216D700BBB266 /* Debug */,
				101393EB19D216D700BBB266 /* Release */,
			);
			defaultConfigurationIsVisible = 0;
			defaultConfigurationName = Release;
		};
/* End XCConfigurationList section */
	};
	rootObject = 101393BB19D216D700BBB266 /* Project object */;
}
